
Microsoft Visual Studio Solution File, Format Version 12.00
# Visual Studio Version 17
VisualStudioVersion = 17.7.34031.279
MinimumVisualStudioVersion = 10.0.40219.1
Project("{FAE04EC0-301F-11D3-BF4B-00C04F79EFBC}") = "linhaProducao1", "linhaProducao1\linhaProducao1.csproj", "{E0B10B36-A656-41BB-8936-12E4EF886A8E}"
EndProject
Global
	GlobalSection(SolutionConfigurationPlatforms) = preSolution
		Debug|Any CPU = Debug|Any CPU
		Release|Any CPU = Release|Any CPU
	EndGlobalSection
	GlobalSection(ProjectConfigurationPlatforms) = postSolution
		{E0B10B36-A656-41BB-8936-12E4EF886A8E}.Debug|Any CPU.ActiveCfg = Debug|Any CPU
		{E0B10B36-A656-41BB-8936-12E4EF886A8E}.Debug|Any CPU.Build.0 = Debug|Any CPU
		{E0B10B36-A656-41BB-8936-12E4EF886A8E}.Release|Any CPU.ActiveCfg = Release|Any CPU
		{E0B10B36-A656-41BB-8936-12E4EF886A8E}.Release|Any CPU.Build.0 = Release|Any CPU
	EndGlobalSection
	GlobalSection(SolutionProperties) = preSolution
		HideSolutionNode = FALSE
	EndGlobalSection
	GlobalSection(ExtensibilityGlobals) = postSolution
		SolutionGuid = {7446FEF8-C7E7-46BA-89EE-32197C139EFC}
	EndGlobalSection
EndGlobal
